// !$*UTF8*$!
{
	archiveVersion = 1;
	classes = {
	};
	objectVersion = 56;
	objects = {

/* Begin PBXBuildFile section */
		BB4E9C1B296EDF9D00089E02 /* AppDelegate.swift in Sources */ = {isa = PBXBuildFile; fileRef = BB4E9C1A296EDF9D00089E02 /* AppDelegate.swift */; };
		BB4E9C1F296EDF9D00089E02 /* DocumentViewController.swift in Sources */ = {isa = PBXBuildFile; fileRef = BB4E9C1E296EDF9D00089E02 /* DocumentViewController.swift */; };
		BB4E9C21296EDF9D00089E02 /* GalleryDocument.swift in Sources */ = {isa = PBXBuildFile; fileRef = BB4E9C20296EDF9D00089E02 /* GalleryDocument.swift */; };
		BB4E9C24296EDF9D00089E02 /* Main.storyboard in Resources */ = {isa = PBXBuildFile; fileRef = BB4E9C22296EDF9D00089E02 /* Main.storyboard */; };
		BB4E9C26296EDF9E00089E02 /* Assets.xcassets in Resources */ = {isa = PBXBuildFile; fileRef = BB4E9C25296EDF9E00089E02 /* Assets.xcassets */; };
		BB4E9C29296EDF9E00089E02 /* LaunchScreen.storyboard in Resources */ = {isa = PBXBuildFile; fileRef = BB4E9C27296EDF9E00089E02 /* LaunchScreen.storyboard */; };
		BB4E9C37296EDFEF00089E02 /* ImageGalleryCollectionViewCell.swift in Sources */ = {isa = PBXBuildFile; fileRef = BB4E9C36296EDFEF00089E02 /* ImageGalleryCollectionViewCell.swift */; };
		BB4E9C3D296EE00800089E02 /* Utilities.swift in Sources */ = {isa = PBXBuildFile; fileRef = BB4E9C3C296EE00800089E02 /* Utilities.swift */; };
		BB4E9C3F296EE94700089E02 /* DocumentBrowserViewController.swift in Sources */ = {isa = PBXBuildFile; fileRef = BB4E9C3E296EE94700089E02 /* DocumentBrowserViewController.swift */; };
		BB4E9C40296EE9C100089E02 /* ImageGalleryModel.swift in Sources */ = {isa = PBXBuildFile; fileRef = BB4E9C33296EDFD900089E02 /* ImageGalleryModel.swift */; };
		BB4E9C41296EE9C300089E02 /* ImageCollectionManager.swift in Sources */ = {isa = PBXBuildFile; fileRef = BB4E9C35296EDFD900089E02 /* ImageCollectionManager.swift */; };
		BB4E9C43296EE9CA00089E02 /* ImageGalleryCollectionViewController.swift in Sources */ = {isa = PBXBuildFile; fileRef = BB4E9C42296EE9CA00089E02 /* ImageGalleryCollectionViewController.swift */; };
		BB4E9C45296EE9CB00089E02 /* ImageViewController.swift in Sources */ = {isa = PBXBuildFile; fileRef = BB4E9C44296EE9CB00089E02 /* ImageViewController.swift */; };
		BB4E9C47296EE9CF00089E02 /* Array+Extension.swift in Sources */ = {isa = PBXBuildFile; fileRef = BB4E9C46296EE9CF00089E02 /* Array+Extension.swift */; };
		BB4E9C49296EE9D200089E02 /* ImageGalleryViewController+Gestures.swift in Sources */ = {isa = PBXBuildFile; fileRef = BB4E9C48296EE9D200089E02 /* ImageGalleryViewController+Gestures.swift */; };
		BB4E9C4B296EF5CC00089E02 /* Alert.swift in Sources */ = {isa = PBXBuildFile; fileRef = BB4E9C4A296EF5CC00089E02 /* Alert.swift */; };
		BB7516E32970CCE800C2B52C /* ImageCache.swift in Sources */ = {isa = PBXBuildFile; fileRef = BB7516E22970CCE800C2B52C /* ImageCache.swift */; };
		BB831F7329760F10006280D7 /* FolderModel.swift in Sources */ = {isa = PBXBuildFile; fileRef = BB831F7229760F10006280D7 /* FolderModel.swift */; };
		BBC543202971A83C00F8BB66 /* ImageGalleryCollectionViewController+Drag&Drop.swift in Sources */ = {isa = PBXBuildFile; fileRef = BBC5431F2971A83C00F8BB66 /* ImageGalleryCollectionViewController+Drag&Drop.swift */; };
		BBC543272974A58000F8BB66 /* UIColor+Extension.swift in Sources */ = {isa = PBXBuildFile; fileRef = BBC543262974A58000F8BB66 /* UIColor+Extension.swift */; };
		BBD82F0F2970184000E4B8BF /* UIImage+JPEG.swift in Sources */ = {isa = PBXBuildFile; fileRef = BBD82F0E2970184000E4B8BF /* UIImage+JPEG.swift */; };
/* End PBXBuildFile section */

/* Begin PBXFileReference section */
		BB4E9C17296EDF9D00089E02 /* Persistent Gallery.app */ = {isa = PBXFileReference; explicitFileType = wrapper.application; includeInIndex = 0; path = "Persistent Gallery.app"; sourceTree = BUILT_PRODUCTS_DIR; };
		BB4E9C1A296EDF9D00089E02 /* AppDelegate.swift */ = {isa = PBXFileReference; lastKnownFileType = sourcecode.swift; path = AppDelegate.swift; sourceTree = "<group>"; };
		BB4E9C1E296EDF9D00089E02 /* DocumentViewController.swift */ = {isa = PBXFileReference; lastKnownFileType = sourcecode.swift; path = DocumentViewController.swift; sourceTree = "<group>"; };
		BB4E9C20296EDF9D00089E02 /* GalleryDocument.swift */ = {isa = PBXFileReference; lastKnownFileType = sourcecode.swift; path = GalleryDocument.swift; sourceTree = "<group>"; };
		BB4E9C23296EDF9D00089E02 /* Base */ = {isa = PBXFileReference; lastKnownFileType = file.storyboard; name = Base; path = Base.lproj/Main.storyboard; sourceTree = "<group>"; };
		BB4E9C25296EDF9E00089E02 /* Assets.xcassets */ = {isa = PBXFileReference; lastKnownFileType = folder.assetcatalog; path = Assets.xcassets; sourceTree = "<group>"; };
		BB4E9C28296EDF9E00089E02 /* Base */ = {isa = PBXFileReference; lastKnownFileType = file.storyboard; name = Base; path = Base.lproj/LaunchScreen.storyboard; sourceTree = "<group>"; };
		BB4E9C2A296EDF9E00089E02 /* Info.plist */ = {isa = PBXFileReference; lastKnownFileType = text.plist.xml; path = Info.plist; sourceTree = "<group>"; };
		BB4E9C33296EDFD900089E02 /* ImageGalleryModel.swift */ = {isa = PBXFileReference; lastKnownFileType = sourcecode.swift; path = ImageGalleryModel.swift; sourceTree = "<group>"; };
		BB4E9C35296EDFD900089E02 /* ImageCollectionManager.swift */ = {isa = PBXFileReference; lastKnownFileType = sourcecode.swift; path = ImageCollectionManager.swift; sourceTree = "<group>"; };
		BB4E9C36296EDFEF00089E02 /* ImageGalleryCollectionViewCell.swift */ = {isa = PBXFileReference; fileEncoding = 4; lastKnownFileType = sourcecode.swift; path = ImageGalleryCollectionViewCell.swift; sourceTree = "<group>"; };
		BB4E9C3C296EE00800089E02 /* Utilities.swift */ = {isa = PBXFileReference; fileEncoding = 4; lastKnownFileType = sourcecode.swift; path = Utilities.swift; sourceTree = "<group>"; };
		BB4E9C3E296EE94700089E02 /* DocumentBrowserViewController.swift */ = {isa = PBXFileReference; lastKnownFileType = sourcecode.swift; path = DocumentBrowserViewController.swift; sourceTree = "<group>"; };
		BB4E9C42296EE9CA00089E02 /* ImageGalleryCollectionViewController.swift */ = {isa = PBXFileReference; lastKnownFileType = sourcecode.swift; path = ImageGalleryCollectionViewController.swift; sourceTree = "<group>"; };
		BB4E9C44296EE9CB00089E02 /* ImageViewController.swift */ = {isa = PBXFileReference; lastKnownFileType = sourcecode.swift; path = ImageViewController.swift; sourceTree = "<group>"; };
		BB4E9C46296EE9CF00089E02 /* Array+Extension.swift */ = {isa = PBXFileReference; lastKnownFileType = sourcecode.swift; path = "Array+Extension.swift"; sourceTree = "<group>"; };
		BB4E9C48296EE9D200089E02 /* ImageGalleryViewController+Gestures.swift */ = {isa = PBXFileReference; lastKnownFileType = sourcecode.swift; path = "ImageGalleryViewController+Gestures.swift"; sourceTree = "<group>"; };
		BB4E9C4A296EF5CC00089E02 /* Alert.swift */ = {isa = PBXFileReference; lastKnownFileType = sourcecode.swift; path = Alert.swift; sourceTree = "<group>"; };
		BB7516E22970CCE800C2B52C /* ImageCache.swift */ = {isa = PBXFileReference; lastKnownFileType = sourcecode.swift; path = "Image\U0003Cache.swift"; sourceTree = "<group>"; };
		BB831F7229760F10006280D7 /* FolderModel.swift */ = {isa = PBXFileReference; lastKnownFileType = sourcecode.swift; path = FolderModel.swift; sourceTree = "<group>"; };
		BBC5431F2971A83C00F8BB66 /* ImageGalleryCollectionViewController+Drag&Drop.swift */ = {isa = PBXFileReference; lastKnownFileType = sourcecode.swift; path = "ImageGalleryCollectionViewController+Drag&Drop.swift"; sourceTree = "<group>"; };
		BBC543262974A58000F8BB66 /* UIColor+Extension.swift */ = {isa = PBXFileReference; lastKnownFileType = sourcecode.swift; path = "UIColor+Extension.swift"; sourceTree = "<group>"; };
		BBD82F0E2970184000E4B8BF /* UIImage+JPEG.swift */ = {isa = PBXFileReference; lastKnownFileType = sourcecode.swift; path = "UIImage+JPEG.swift"; sourceTree = "<group>"; };
/* End PBXFileReference section */

/* Begin PBXFrameworksBuildPhase section */
		BB4E9C14296EDF9D00089E02 /* Frameworks */ = {
			isa = PBXFrameworksBuildPhase;
			buildActionMask = 2147483647;
			files = (
			);
			runOnlyForDeploymentPostprocessing = 0;
		};
/* End PBXFrameworksBuildPhase section */

/* Begin PBXGroup section */
		BB4E9C0E296EDF9D00089E02 = {
			isa = PBXGroup;
			children = (
				BB4E9C19296EDF9D00089E02 /* PersistentGallery */,
				BB4E9C18296EDF9D00089E02 /* Products */,
			);
			sourceTree = "<group>";
		};
		BB4E9C18296EDF9D00089E02 /* Products */ = {
			isa = PBXGroup;
			children = (
				BB4E9C17296EDF9D00089E02 /* Persistent Gallery.app */,
			);
			name = Products;
			sourceTree = "<group>";
		};
		BB4E9C19296EDF9D00089E02 /* PersistentGallery */ = {
			isa = PBXGroup;
			children = (
				BB4E9C4A296EF5CC00089E02 /* Alert.swift */,
				BBC543262974A58000F8BB66 /* UIColor+Extension.swift */,
				BB4E9C22296EDF9D00089E02 /* Main.storyboard */,
				BB4E9C2A296EDF9E00089E02 /* Info.plist */,
				BB4E9C25296EDF9E00089E02 /* Assets.xcassets */,
				BB4E9C3C296EE00800089E02 /* Utilities.swift */,
				BB4E9C27296EDF9E00089E02 /* LaunchScreen.storyboard */,
				BB4E9C1A296EDF9D00089E02 /* AppDelegate.swift */,
				BB7516E22970CCE800C2B52C /* ImageCache.swift */,
				BB4E9C36296EDFEF00089E02 /* ImageGalleryCollectionViewCell.swift */,
				BBD82F0E2970184000E4B8BF /* UIImage+JPEG.swift */,
				BBC543242971AA7800F8BB66 /* Controllers */,
				BBC5431E29716A7500F8BB66 /* ImageGalleryCollectionVC Extensions */,
				BB4E9C32296EDFD900089E02 /* Model */,
			);
			path = PersistentGallery;
			sourceTree = "<group>";
		};
		BB4E9C32296EDFD900089E02 /* Model */ = {
			isa = PBXGroup;
			children = (
				BB4E9C20296EDF9D00089E02 /* GalleryDocument.swift */,
				BB831F7229760F10006280D7 /* FolderModel.swift */,
				BB4E9C33296EDFD900089E02 /* ImageGalleryModel.swift */,
				BB4E9C35296EDFD900089E02 /* ImageCollectionManager.swift */,
			);
			path = Model;
			sourceTree = "<group>";
		};
		BBC5431E29716A7500F8BB66 /* ImageGalleryCollectionVC Extensions */ = {
			isa = PBXGroup;
			children = (
				BBC5431F2971A83C00F8BB66 /* ImageGalleryCollectionViewController+Drag&Drop.swift */,
				BB4E9C48296EE9D200089E02 /* ImageGalleryViewController+Gestures.swift */,
				BB4E9C46296EE9CF00089E02 /* Array+Extension.swift */,
			);
			path = "ImageGalleryCollectionVC Extensions";
			sourceTree = "<group>";
		};
		BBC543242971AA7800F8BB66 /* Controllers */ = {
			isa = PBXGroup;
			children = (
				BB4E9C3E296EE94700089E02 /* DocumentBrowserViewController.swift */,
				BB4E9C1E296EDF9D00089E02 /* DocumentViewController.swift */,
				BB4E9C44296EE9CB00089E02 /* ImageViewController.swift */,
				BB4E9C42296EE9CA00089E02 /* ImageGalleryCollectionViewController.swift */,
			);
			path = Controllers;
			sourceTree = "<group>";
		};
/* End PBXGroup section */

/* Begin PBXNativeTarget section */
		BB4E9C16296EDF9D00089E02 /* Persistent Gallery */ = {
			isa = PBXNativeTarget;
			buildConfigurationList = BB4E9C2D296EDF9E00089E02 /* Build configuration list for PBXNativeTarget "Persistent Gallery" */;
			buildPhases = (
				BB4E9C13296EDF9D00089E02 /* Sources */,
				BB4E9C14296EDF9D00089E02 /* Frameworks */,
				BB4E9C15296EDF9D00089E02 /* Resources */,
			);
			buildRules = (
			);
			dependencies = (
			);
			name = "Persistent Gallery";
			productName = PersistentGallery;
			productReference = BB4E9C17296EDF9D00089E02 /* Persistent Gallery.app */;
			productType = "com.apple.product-type.application";
		};
/* End PBXNativeTarget section */

/* Begin PBXProject section */
		BB4E9C0F296EDF9D00089E02 /* Project object */ = {
			isa = PBXProject;
			attributes = {
				BuildIndependentTargetsInParallel = 1;
				LastSwiftUpdateCheck = 1420;
				LastUpgradeCheck = 1420;
				TargetAttributes = {
					BB4E9C16296EDF9D00089E02 = {
						CreatedOnToolsVersion = 14.2;
					};
				};
			};
			buildConfigurationList = BB4E9C12296EDF9D00089E02 /* Build configuration list for PBXProject "Persistent Gallery" */;
			compatibilityVersion = "Xcode 14.0";
			developmentRegion = en;
			hasScannedForEncodings = 0;
			knownRegions = (
				en,
				Base,
			);
			mainGroup = BB4E9C0E296EDF9D00089E02;
			productRefGroup = BB4E9C18296EDF9D00089E02 /* Products */;
			projectDirPath = "";
			projectRoot = "";
			targets = (
				BB4E9C16296EDF9D00089E02 /* Persistent Gallery */,
			);
		};
/* End PBXProject section */

/* Begin PBXResourcesBuildPhase section */
		BB4E9C15296EDF9D00089E02 /* Resources */ = {
			isa = PBXResourcesBuildPhase;
			buildActionMask = 2147483647;
			files = (
				BB4E9C29296EDF9E00089E02 /* LaunchScreen.storyboard in Resources */,
				BB4E9C26296EDF9E00089E02 /* Assets.xcassets in Resources */,
				BB4E9C24296EDF9D00089E02 /* Main.storyboard in Resources */,
			);
			runOnlyForDeploymentPostprocessing = 0;
		};
/* End PBXResourcesBuildPhase section */

/* Begin PBXSourcesBuildPhase section */
		BB4E9C13296EDF9D00089E02 /* Sources */ = {
			isa = PBXSourcesBuildPhase;
			buildActionMask = 2147483647;
			files = (
				BBD82F0F2970184000E4B8BF /* UIImage+JPEG.swift in Sources */,
				BBC543272974A58000F8BB66 /* UIColor+Extension.swift in Sources */,
				BB4E9C21296EDF9D00089E02 /* GalleryDocument.swift in Sources */,
				BB4E9C3D296EE00800089E02 /* Utilities.swift in Sources */,
				BB4E9C49296EE9D200089E02 /* ImageGalleryViewController+Gestures.swift in Sources */,
				BB4E9C47296EE9CF00089E02 /* Array+Extension.swift in Sources */,
				BB7516E32970CCE800C2B52C /* ImageCache.swift in Sources */,
				BB4E9C1F296EDF9D00089E02 /* DocumentViewController.swift in Sources */,
				BB4E9C4B296EF5CC00089E02 /* Alert.swift in Sources */,
				BBC543202971A83C00F8BB66 /* ImageGalleryCollectionViewController+Drag&Drop.swift in Sources */,
				BB4E9C37296EDFEF00089E02 /* ImageGalleryCollectionViewCell.swift in Sources */,
				BB4E9C43296EE9CA00089E02 /* ImageGalleryCollectionViewController.swift in Sources */,
				BB4E9C1B296EDF9D00089E02 /* AppDelegate.swift in Sources */,
				BB831F7329760F10006280D7 /* FolderModel.swift in Sources */,
				BB4E9C40296EE9C100089E02 /* ImageGalleryModel.swift in Sources */,
				BB4E9C41296EE9C300089E02 /* ImageCollectionManager.swift in Sources */,
				BB4E9C45296EE9CB00089E02 /* ImageViewController.swift in Sources */,
				BB4E9C3F296EE94700089E02 /* DocumentBrowserViewController.swift in Sources */,
			);
			runOnlyForDeploymentPostprocessing = 0;
		};
/* End PBXSourcesBuildPhase section */

/* Begin PBXVariantGroup section */
		BB4E9C22296EDF9D00089E02 /* Main.storyboard */ = {
			isa = PBXVariantGroup;
			children = (
				BB4E9C23296EDF9D00089E02 /* Base */,
			);
			name = Main.storyboard;
			sourceTree = "<group>";
		};
		BB4E9C27296EDF9E00089E02 /* LaunchScreen.storyboard */ = {
			isa = PBXVariantGroup;
			children = (
				BB4E9C28296EDF9E00089E02 /* Base */,
			);
			name = LaunchScreen.storyboard;
			sourceTree = "<group>";
		};
/* End PBXVariantGroup section */

/* Begin XCBuildConfiguration section */
		BB4E9C2B296EDF9E00089E02 /* Debug */ = {
			isa = XCBuildConfiguration;
			buildSettings = {
				ALWAYS_SEARCH_USER_PATHS = NO;
				CLANG_ANALYZER_NONNULL = YES;
				CLANG_ANALYZER_NUMBER_OBJECT_CONVERSION = YES_AGGRESSIVE;
				CLANG_CXX_LANGUAGE_STANDARD = "gnu++20";
				CLANG_ENABLE_MODULES = YES;
				CLANG_ENABLE_OBJC_ARC = YES;
				CLANG_ENABLE_OBJC_WEAK = YES;
				CLANG_WARN_BLOCK_CAPTURE_AUTORELEASING = YES;
				CLANG_WARN_BOOL_CONVERSION = YES;
				CLANG_WARN_COMMA = YES;
				CLANG_WARN_CONSTANT_CONVERSION = YES;
				CLANG_WARN_DEPRECATED_OBJC_IMPLEMENTATIONS = YES;
				CLANG_WARN_DIRECT_OBJC_ISA_USAGE = YES_ERROR;
				CLANG_WARN_DOCUMENTATION_COMMENTS = YES;
				CLANG_WARN_EMPTY_BODY = YES;
				CLANG_WARN_ENUM_CONVERSION = YES;
				CLANG_WARN_INFINITE_RECURSION = YES;
				CLANG_WARN_INT_CONVERSION = YES;
				CLANG_WARN_NON_LITERAL_NULL_CONVERSION = YES;
				CLANG_WARN_OBJC_IMPLICIT_RETAIN_SELF = YES;
				CLANG_WARN_OBJC_LITERAL_CONVERSION = YES;
				CLANG_WARN_OBJC_ROOT_CLASS = YES_ERROR;
				CLANG_WARN_QUOTED_INCLUDE_IN_FRAMEWORK_HEADER = YES;
				CLANG_WARN_RANGE_LOOP_ANALYSIS = YES;
				CLANG_WARN_STRICT_PROTOTYPES = YES;
				CLANG_WARN_SUSPICIOUS_MOVE = YES;
				CLANG_WARN_UNGUARDED_AVAILABILITY = YES_AGGRESSIVE;
				CLANG_WARN_UNREACHABLE_CODE = YES;
				CLANG_WARN__DUPLICATE_METHOD_MATCH = YES;
				COPY_PHASE_STRIP = NO;
				DEBUG_INFORMATION_FORMAT = dwarf;
				ENABLE_STRICT_OBJC_MSGSEND = YES;
				ENABLE_TESTABILITY = YES;
				GCC_C_LANGUAGE_STANDARD = gnu11;
				GCC_DYNAMIC_NO_PIC = NO;
				GCC_NO_COMMON_BLOCKS = YES;
				GCC_OPTIMIZATION_LEVEL = 0;
				GCC_PREPROCESSOR_DEFINITIONS = (
					"DEBUG=1",
					"$(inherited)",
				);
				GCC_WARN_64_TO_32_BIT_CONVERSION = YES;
				GCC_WARN_ABOUT_RETURN_TYPE = YES_ERROR;
				GCC_WARN_UNDECLARED_SELECTOR = YES;
				GCC_WARN_UNINITIALIZED_AUTOS = YES_AGGRESSIVE;
				GCC_WARN_UNUSED_FUNCTION = YES;
				GCC_WARN_UNUSED_VARIABLE = YES;
				IPHONEOS_DEPLOYMENT_TARGET = 16.2;
				MTL_ENABLE_DEBUG_INFO = INCLUDE_SOURCE;
				MTL_FAST_MATH = YES;
				ONLY_ACTIVE_ARCH = YES;
				SDKROOT = iphoneos;
				SWIFT_ACTIVE_COMPILATION_CONDITIONS = DEBUG;
				SWIFT_OPTIMIZATION_LEVEL = "-Onone";
			};
			name = Debug;
		};
		BB4E9C2C296EDF9E00089E02 /* Release */ = {
			isa = XCBuildConfiguration;
			buildSettings = {
				ALWAYS_SEARCH_USER_PATHS = NO;
				CLANG_ANALYZER_NONNULL = YES;
				CLANG_ANALYZER_NUMBER_OBJECT_CONVERSION = YES_AGGRESSIVE;
				CLANG_CXX_LANGUAGE_STANDARD = "gnu++20";
				CLANG_ENABLE_MODULES = YES;
				CLANG_ENABLE_OBJC_ARC = YES;
				CLANG_ENABLE_OBJC_WEAK = YES;
				CLANG_WARN_BLOCK_CAPTURE_AUTORELEASING = YES;
				CLANG_WARN_BOOL_CONVERSION = YES;
				CLANG_WARN_COMMA = YES;
				CLANG_WARN_CONSTANT_CONVERSION = YES;
				CLANG_WARN_DEPRECATED_OBJC_IMPLEMENTATIONS = YES;
				CLANG_WARN_DIRECT_OBJC_ISA_USAGE = YES_ERROR;
				CLANG_WARN_DOCUMENTATION_COMMENTS = YES;
				CLANG_WARN_EMPTY_BODY = YES;
				CLANG_WARN_ENUM_CONVERSION = YES;
				CLANG_WARN_INFINITE_RECURSION = YES;
				CLANG_WARN_INT_CONVERSION = YES;
				CLANG_WARN_NON_LITERAL_NULL_CONVERSION = YES;
				CLANG_WARN_OBJC_IMPLICIT_RETAIN_SELF = YES;
				CLANG_WARN_OBJC_LITERAL_CONVERSION = YES;
				CLANG_WARN_OBJC_ROOT_CLASS = YES_ERROR;
				CLANG_WARN_QUOTED_INCLUDE_IN_FRAMEWORK_HEADER = YES;
				CLANG_WARN_RANGE_LOOP_ANALYSIS = YES;
				CLANG_WARN_STRICT_PROTOTYPES = YES;
				CLANG_WARN_SUSPICIOUS_MOVE = YES;
				CLANG_WARN_UNGUARDED_AVAILABILITY = YES_AGGRESSIVE;
				CLANG_WARN_UNREACHABLE_CODE = YES;
				CLANG_WARN__DUPLICATE_METHOD_MATCH = YES;
				COPY_PHASE_STRIP = NO;
				DEBUG_INFORMATION_FORMAT = "dwarf-with-dsym";
				ENABLE_NS_ASSERTIONS = NO;
				ENABLE_STRICT_OBJC_MSGSEND = YES;
				GCC_C_LANGUAGE_STANDARD = gnu11;
				GCC_NO_COMMON_BLOCKS = YES;
				GCC_WARN_64_TO_32_BIT_CONVERSION = YES;
				GCC_WARN_ABOUT_RETURN_TYPE = YES_ERROR;
				GCC_WARN_UNDECLARED_SELECTOR = YES;
				GCC_WARN_UNINITIALIZED_AUTOS = YES_AGGRESSIVE;
				GCC_WARN_UNUSED_FUNCTION = YES;
				GCC_WARN_UNUSED_VARIABLE = YES;
				IPHONEOS_DEPLOYMENT_TARGET = 16.2;
				MTL_ENABLE_DEBUG_INFO = NO;
				MTL_FAST_MATH = YES;
				SDKROOT = iphoneos;
				SWIFT_COMPILATION_MODE = wholemodule;
				SWIFT_OPTIMIZATION_LEVEL = "-O";
				VALIDATE_PRODUCT = YES;
			};
			name = Release;
		};
		BB4E9C2E296EDF9E00089E02 /* Debug */ = {
			isa = XCBuildConfiguration;
			buildSettings = {
				ASSETCATALOG_COMPILER_APPICON_NAME = AppIcon;
				ASSETCATALOG_COMPILER_GLOBAL_ACCENT_COLOR_NAME = AccentColor;
				CODE_SIGN_STYLE = Automatic;
				CURRENT_PROJECT_VERSION = 1;
				DEVELOPMENT_TEAM = 4T5J4YM525;
				GENERATE_INFOPLIST_FILE = YES;
				INFOPLIST_FILE = PersistentGallery/Info.plist;
				INFOPLIST_KEY_CFBundleDisplayName = "Persistent Gallery";
				INFOPLIST_KEY_LSSupportsOpeningDocumentsInPlace = YES;
				INFOPLIST_KEY_UIApplicationSupportsIndirectInputEvents = YES;
				INFOPLIST_KEY_UILaunchStoryboardName = LaunchScreen;
				INFOPLIST_KEY_UIMainStoryboardFile = Main;
				INFOPLIST_KEY_UISupportedInterfaceOrientations_iPad = "UIInterfaceOrientationPortrait UIInterfaceOrientationPortraitUpsideDown UIInterfaceOrientationLandscapeLeft UIInterfaceOrientationLandscapeRight";
				INFOPLIST_KEY_UISupportedInterfaceOrientations_iPhone = "UIInterfaceOrientationPortrait UIInterfaceOrientationLandscapeLeft UIInterfaceOrientationLandscapeRight";
				INFOPLIST_KEY_UISupportsDocumentBrowser = YES;
				LD_RUNPATH_SEARCH_PATHS = (
					"$(inherited)",
					"@executable_path/Frameworks",
				);
				MARKETING_VERSION = 1.0;
				PRODUCT_BUNDLE_IDENTIFIER = mentormateDevCamp.PersistentGallery;
				PRODUCT_NAME = "$(TARGET_NAME)";
				SWIFT_EMIT_LOC_STRINGS = YES;
				SWIFT_VERSION = 5.0;
				TARGETED_DEVICE_FAMILY = "1,2";
			};
			name = Debug;
		};
		BB4E9C2F296EDF9E00089E02 /* Release */ = {
			isa = XCBuildConfiguration;
			buildSettings = {
				ASSETCATALOG_COMPILER_APPICON_NAME = AppIcon;
				ASSETCATALOG_COMPILER_GLOBAL_ACCENT_COLOR_NAME = AccentColor;
				CODE_SIGN_STYLE = Automatic;
				CURRENT_PROJECT_VERSION = 1;
				DEVELOPMENT_TEAM = 4T5J4YM525;
				GENERATE_INFOPLIST_FILE = YES;
				INFOPLIST_FILE = PersistentGallery/Info.plist;
				INFOPLIST_KEY_CFBundleDisplayName = "Persistent Gallery";
				INFOPLIST_KEY_LSSupportsOpeningDocumentsInPlace = YES;
				INFOPLIST_KEY_UIApplicationSupportsIndirectInputEvents = YES;
				INFOPLIST_KEY_UILaunchStoryboardName = LaunchScreen;
				INFOPLIST_KEY_UIMainStoryboardFile = Main;
				INFOPLIST_KEY_UISupportedInterfaceOrientations_iPad = "UIInterfaceOrientationPortrait UIInterfaceOrientationPortraitUpsideDown UIInterfaceOrientationLandscapeLeft UIInterfaceOrientationLandscapeRight";
				INFOPLIST_KEY_UISupportedInterfaceOrientations_iPhone = "UIInterfaceOrientationPortrait UIInterfaceOrientationLandscapeLeft UIInterfaceOrientationLandscapeRight";
				INFOPLIST_KEY_UISupportsDocumentBrowser = YES;
				LD_RUNPATH_SEARCH_PATHS = (
					"$(inherited)",
					"@executable_path/Frameworks",
				);
				MARKETING_VERSION = 1.0;
				PRODUCT_BUNDLE_IDENTIFIER = mentormateDevCamp.PersistentGallery;
				PRODUCT_NAME = "$(TARGET_NAME)";
				SWIFT_EMIT_LOC_STRINGS = YES;
				SWIFT_VERSION = 5.0;
				TARGETED_DEVICE_FAMILY = "1,2";
			};
			name = Release;
		};
/* End XCBuildConfiguration section */

/* Begin XCConfigurationList section */
		BB4E9C12296EDF9D00089E02 /* Build configuration list for PBXProject "Persistent Gallery" */ = {
			isa = XCConfigurationList;
			buildConfigurations = (
				BB4E9C2B296EDF9E00089E02 /* Debug */,
				BB4E9C2C296EDF9E00089E02 /* Release */,
			);
			defaultConfigurationIsVisible = 0;
			defaultConfigurationName = Release;
		};
		BB4E9C2D296EDF9E00089E02 /* Build configuration list for PBXNativeTarget "Persistent Gallery" */ = {
			isa = XCConfigurationList;
			buildConfigurations = (
				BB4E9C2E296EDF9E00089E02 /* Debug */,
				BB4E9C2F296EDF9E00089E02 /* Release */,
			);
			defaultConfigurationIsVisible = 0;
			defaultConfigurationName = Release;
		};
/* End XCConfigurationList section */
	};
	rootObject = BB4E9C0F296EDF9D00089E02 /* Project object */;
}
